
Microsoft Visual Studio Solution File, Format Version 12.00
# Visual Studio Version 16
VisualStudioVersion = 16.0.29230.47
MinimumVisualStudioVersion = 10.0.40219.1
Project("{FAE04EC0-301F-11D3-BF4B-00C04F79EFBC}") = "KomeTubeR", "KomeTubeR\KomeTubeR.csproj", "{EBCE7E3B-FCCF-4F44-9035-93D2832F5D5E}"
EndProject
Global
	GlobalSection(SolutionConfigurationPlatforms) = preSolution
		Debug|Any CPU = Debug|Any CPU
		Release|Any CPU = Release|Any CPU
	EndGlobalSection
	GlobalSection(ProjectConfigurationPlatforms) = postSolution
		{EBCE7E3B-FCCF-4F44-9035-93D2832F5D5E}.Debug|Any CPU.ActiveCfg = Debug|Any CPU
		{EBCE7E3B-FCCF-4F44-9035-93D2832F5D5E}.Debug|Any CPU.Build.0 = Debug|Any CPU
		{EBCE7E3B-FCCF-4F44-9035-93D2832F5D5E}.Release|Any CPU.ActiveCfg = Release|Any CPU
		{EBCE7E3B-FCCF-4F44-9035-93D2832F5D5E}.Release|Any CPU.Build.0 = Release|Any CPU
	EndGlobalSection
	GlobalSection(SolutionProperties) = preSolution
		HideSolutionNode = FALSE
	EndGlobalSection
	GlobalSection(ExtensibilityGlobals) = postSolution
		SolutionGuid = {BE9A37FE-55F4-4128-B6B6-F3A4807A10D5}
	EndGlobalSection
EndGlobal
